
Microsoft Visual Studio Solution File, Format Version 12.00
# Visual Studio Version 17
VisualStudioVersion = 17.1.32319.34
MinimumVisualStudioVersion = 10.0.40219.1
Project("{9A19103F-16F7-4668-BE54-9A1E7A4F7556}") = "CyberSec.Cryptocurrency.Service", "CyberSec.Cryptocurrency.Service\CyberSec.Cryptocurrency.Service.csproj", "{53615B6D-07FE-46A0-813B-BA9C33380A50}"
EndProject
Project("{9A19103F-16F7-4668-BE54-9A1E7A4F7556}") = "CyberSec.Cryptocurrency.API", "CyberSec.Cryptocurrency.API\CyberSec.Cryptocurrency.API.csproj", "{62DCDAD1-71B9-4FC7-9F78-484F23B00EF5}"
EndProject
Project("{9A19103F-16F7-4668-BE54-9A1E7A4F7556}") = "CyberSec.Cryptocurrency.Client", "CyberSec.Cryptocurrency.Client\CyberSec.Cryptocurrency.Client.csproj", "{BAB1A9B8-0C04-4780-A424-B59CF0DB66C8}"
EndProject
Project("{9A19103F-16F7-4668-BE54-9A1E7A4F7556}") = "CyberSec.Cryptocurrency.Shared", "CyberSec.Cryptocurrency.Shared\CyberSec.Cryptocurrency.Shared.csproj", "{4FCF521B-A7E9-4203-A9BB-89996C2FE92C}"
EndProject
Global
	GlobalSection(SolutionConfigurationPlatforms) = preSolution
		Debug|Any CPU = Debug|Any CPU
		Release|Any CPU = Release|Any CPU
	EndGlobalSection
	GlobalSection(ProjectConfigurationPlatforms) = postSolution
		{53615B6D-07FE-46A0-813B-BA9C33380A50}.Debug|Any CPU.ActiveCfg = Debug|Any CPU
		{53615B6D-07FE-46A0-813B-BA9C33380A50}.Debug|Any CPU.Build.0 = Debug|Any CPU
		{53615B6D-07FE-46A0-813B-BA9C33380A50}.Release|Any CPU.ActiveCfg = Release|Any CPU
		{53615B6D-07FE-46A0-813B-BA9C33380A50}.Release|Any CPU.Build.0 = Release|Any CPU
		{62DCDAD1-71B9-4FC7-9F78-484F23B00EF5}.Debug|Any CPU.ActiveCfg = Debug|Any CPU
		{62DCDAD1-71B9-4FC7-9F78-484F23B00EF5}.Debug|Any CPU.Build.0 = Debug|Any CPU
		{62DCDAD1-71B9-4FC7-9F78-484F23B00EF5}.Release|Any CPU.ActiveCfg = Release|Any CPU
		{62DCDAD1-71B9-4FC7-9F78-484F23B00EF5}.Release|Any CPU.Build.0 = Release|Any CPU
		{BAB1A9B8-0C04-4780-A424-B59CF0DB66C8}.Debug|Any CPU.ActiveCfg = Debug|Any CPU
		{BAB1A9B8-0C04-4780-A424-B59CF0DB66C8}.Debug|Any CPU.Build.0 = Debug|Any CPU
		{BAB1A9B8-0C04-4780-A424-B59CF0DB66C8}.Release|Any CPU.ActiveCfg = Release|Any CPU
		{BAB1A9B8-0C04-4780-A424-B59CF0DB66C8}.Release|Any CPU.Build.0 = Release|Any CPU
		{4FCF521B-A7E9-4203-A9BB-89996C2FE92C}.Debug|Any CPU.ActiveCfg = Debug|Any CPU
		{4FCF521B-A7E9-4203-A9BB-89996C2FE92C}.Debug|Any CPU.Build.0 = Debug|Any CPU
		{4FCF521B-A7E9-4203-A9BB-89996C2FE92C}.Release|Any CPU.ActiveCfg = Release|Any CPU
		{4FCF521B-A7E9-4203-A9BB-89996C2FE92C}.Release|Any CPU.Build.0 = Release|Any CPU
	EndGlobalSection
	GlobalSection(SolutionProperties) = preSolution
		HideSolutionNode = FALSE
	EndGlobalSection
	GlobalSection(ExtensibilityGlobals) = postSolution
		SolutionGuid = {FC052629-4E72-4ECA-BE14-4E891354FD41}
	EndGlobalSection
EndGlobal
